
Microsoft Visual Studio Solution File, Format Version 12.00
# Visual Studio 2013
VisualStudioVersion = 12.0.31101.0
MinimumVisualStudioVersion = 10.0.40219.1
Project("{FAE04EC0-301F-11D3-BF4B-00C04F79EFBC}") = "112 Groningen", "112 Groningen.csproj", "{BF62452C-C426-43A4-B86A-B277D6F42A32}"
EndProject
Project("{FAE04EC0-301F-11D3-BF4B-00C04F79EFBC}") = "112GroningenLogic", "..\112GroningenLogic\112GroningenLogic.csproj", "{A055214E-2F67-4F68-B022-E454BA93DD15}"
EndProject
Project("{FAE04EC0-301F-11D3-BF4B-00C04F79EFBC}") = "112GroningenBackGroundTaskW", "..\112GroningenBackGroundTaskW\112GroningenBackGroundTaskW.csproj", "{9F2657E4-20DF-4F50-83E3-175B5041E0C3}"
EndProject
Global
	GlobalSection(SharedMSBuildProjectFiles) = preSolution
		..\112 Groningen.Shared\112 Groningen.Shared.projitems*{bf62452c-c426-43a4-b86a-b277d6f42a32}*SharedItemsImports = 4
	EndGlobalSection
	GlobalSection(SolutionConfigurationPlatforms) = preSolution
		Debug|Any CPU = Debug|Any CPU
		Debug|ARM = Debug|ARM
		Debug|x86 = Debug|x86
		Release|Any CPU = Release|Any CPU
		Release|ARM = Release|ARM
		Release|x86 = Release|x86
	EndGlobalSection
	GlobalSection(ProjectConfigurationPlatforms) = postSolution
		{BF62452C-C426-43A4-B86A-B277D6F42A32}.Debug|Any CPU.ActiveCfg = Debug|Any CPU
		{BF62452C-C426-43A4-B86A-B277D6F42A32}.Debug|Any CPU.Build.0 = Debug|Any CPU
		{BF62452C-C426-43A4-B86A-B277D6F42A32}.Debug|Any CPU.Deploy.0 = Debug|Any CPU
		{BF62452C-C426-43A4-B86A-B277D6F42A32}.Debug|ARM.ActiveCfg = Debug|ARM
		{BF62452C-C426-43A4-B86A-B277D6F42A32}.Debug|ARM.Build.0 = Debug|ARM
		{BF62452C-C426-43A4-B86A-B277D6F42A32}.Debug|ARM.Deploy.0 = Debug|ARM
		{BF62452C-C426-43A4-B86A-B277D6F42A32}.Debug|x86.ActiveCfg = Debug|x86
		{BF62452C-C426-43A4-B86A-B277D6F42A32}.Debug|x86.Build.0 = Debug|x86
		{BF62452C-C426-43A4-B86A-B277D6F42A32}.Debug|x86.Deploy.0 = Debug|x86
		{BF62452C-C426-43A4-B86A-B277D6F42A32}.Release|Any CPU.ActiveCfg = Release|Any CPU
		{BF62452C-C426-43A4-B86A-B277D6F42A32}.Release|Any CPU.Build.0 = Release|Any CPU
		{BF62452C-C426-43A4-B86A-B277D6F42A32}.Release|Any CPU.Deploy.0 = Release|Any CPU
		{BF62452C-C426-43A4-B86A-B277D6F42A32}.Release|ARM.ActiveCfg = Release|ARM
		{BF62452C-C426-43A4-B86A-B277D6F42A32}.Release|ARM.Build.0 = Release|ARM
		{BF62452C-C426-43A4-B86A-B277D6F42A32}.Release|ARM.Deploy.0 = Release|ARM
		{BF62452C-C426-43A4-B86A-B277D6F42A32}.Release|x86.ActiveCfg = Release|x86
		{BF62452C-C426-43A4-B86A-B277D6F42A32}.Release|x86.Build.0 = Release|x86
		{BF62452C-C426-43A4-B86A-B277D6F42A32}.Release|x86.Deploy.0 = Release|x86
		{A055214E-2F67-4F68-B022-E454BA93DD15}.Debug|Any CPU.ActiveCfg = Debug|Any CPU
		{A055214E-2F67-4F68-B022-E454BA93DD15}.Debug|Any CPU.Build.0 = Debug|Any CPU
		{A055214E-2F67-4F68-B022-E454BA93DD15}.Debug|ARM.ActiveCfg = Debug|Any CPU
		{A055214E-2F67-4F68-B022-E454BA93DD15}.Debug|x86.ActiveCfg = Debug|Any CPU
		{A055214E-2F67-4F68-B022-E454BA93DD15}.Release|Any CPU.ActiveCfg = Release|Any CPU
		{A055214E-2F67-4F68-B022-E454BA93DD15}.Release|Any CPU.Build.0 = Release|Any CPU
		{A055214E-2F67-4F68-B022-E454BA93DD15}.Release|ARM.ActiveCfg = Release|Any CPU
		{A055214E-2F67-4F68-B022-E454BA93DD15}.Release|x86.ActiveCfg = Release|Any CPU
		{9F2657E4-20DF-4F50-83E3-175B5041E0C3}.Debug|Any CPU.ActiveCfg = Debug|Any CPU
		{9F2657E4-20DF-4F50-83E3-175B5041E0C3}.Debug|Any CPU.Build.0 = Debug|Any CPU
		{9F2657E4-20DF-4F50-83E3-175B5041E0C3}.Debug|ARM.ActiveCfg = Debug|Any CPU
		{9F2657E4-20DF-4F50-83E3-175B5041E0C3}.Debug|x86.ActiveCfg = Debug|Any CPU
		{9F2657E4-20DF-4F50-83E3-175B5041E0C3}.Release|Any CPU.ActiveCfg = Release|Any CPU
		{9F2657E4-20DF-4F50-83E3-175B5041E0C3}.Release|Any CPU.Build.0 = Release|Any CPU
		{9F2657E4-20DF-4F50-83E3-175B5041E0C3}.Release|ARM.ActiveCfg = Release|Any CPU
		{9F2657E4-20DF-4F50-83E3-175B5041E0C3}.Release|x86.ActiveCfg = Release|Any CPU
	EndGlobalSection
	GlobalSection(SolutionProperties) = preSolution
		HideSolutionNode = FALSE
	EndGlobalSection
EndGlobal
